
Microsoft Visual Studio Solution File, Format Version 12.00
# Visual Studio Version 17
VisualStudioVersion = 17.11.35219.272
MinimumVisualStudioVersion = 10.0.40219.1
Project("{FAE04EC0-301F-11D3-BF4B-00C04F79EFBC}") = "Fraga_5", "Fraga_5\Fraga_5.csproj", "{6DEF184B-079E-4DAA-AAB0-E4E84BE8DFB3}"
EndProject
Global
	GlobalSection(SolutionConfigurationPlatforms) = preSolution
		Debug|Any CPU = Debug|Any CPU
		Release|Any CPU = Release|Any CPU
	EndGlobalSection
	GlobalSection(ProjectConfigurationPlatforms) = postSolution
		{6DEF184B-079E-4DAA-AAB0-E4E84BE8DFB3}.Debug|Any CPU.ActiveCfg = Debug|Any CPU
		{6DEF184B-079E-4DAA-AAB0-E4E84BE8DFB3}.Debug|Any CPU.Build.0 = Debug|Any CPU
		{6DEF184B-079E-4DAA-AAB0-E4E84BE8DFB3}.Release|Any CPU.ActiveCfg = Release|Any CPU
		{6DEF184B-079E-4DAA-AAB0-E4E84BE8DFB3}.Release|Any CPU.Build.0 = Release|Any CPU
	EndGlobalSection
	GlobalSection(SolutionProperties) = preSolution
		HideSolutionNode = FALSE
	EndGlobalSection
	GlobalSection(ExtensibilityGlobals) = postSolution
		SolutionGuid = {0981187E-8488-43FD-BCF0-C95475700DB5}
	EndGlobalSection
EndGlobal
